// !$*UTF8*$!
{
	archiveVersion = 1;
	classes = {
	};
	objectVersion = 56;
	objects = {

/* Begin PBXBuildFile section */
		C6E1060A2BE8A60A00BB4A4A /* TodoAppTCAApp.swift in Sources */ = {isa = PBXBuildFile; fileRef = C6E106092BE8A60A00BB4A4A /* TodoAppTCAApp.swift */; };
		C6E1060C2BE8A60A00BB4A4A /* ContentView.swift in Sources */ = {isa = PBXBuildFile; fileRef = C6E1060B2BE8A60A00BB4A4A /* ContentView.swift */; };
		C6E1060E2BE8A60B00BB4A4A /* Assets.xcassets in Resources */ = {isa = PBXBuildFile; fileRef = C6E1060D2BE8A60B00BB4A4A /* Assets.xcassets */; };
		C6E106112BE8A60B00BB4A4A /* Preview Assets.xcassets in Resources */ = {isa = PBXBuildFile; fileRef = C6E106102BE8A60B00BB4A4A /* Preview Assets.xcassets */; };
		C6E1061B2BE8A60C00BB4A4A /* TodoAppTCATests.swift in Sources */ = {isa = PBXBuildFile; fileRef = C6E1061A2BE8A60C00BB4A4A /* TodoAppTCATests.swift */; };
		C6E106252BE8A60C00BB4A4A /* TodoAppTCAUITests.swift in Sources */ = {isa = PBXBuildFile; fileRef = C6E106242BE8A60C00BB4A4A /* TodoAppTCAUITests.swift */; };
		C6E106272BE8A60C00BB4A4A /* TodoAppTCAUITestsLaunchTests.swift in Sources */ = {isa = PBXBuildFile; fileRef = C6E106262BE8A60C00BB4A4A /* TodoAppTCAUITestsLaunchTests.swift */; };
/* End PBXBuildFile section */

/* Begin PBXContainerItemProxy section */
		C6E106172BE8A60C00BB4A4A /* PBXContainerItemProxy */ = {
			isa = PBXContainerItemProxy;
			containerPortal = C6E105FE2BE8A60A00BB4A4A /* Project object */;
			proxyType = 1;
			remoteGlobalIDString = C6E106052BE8A60A00BB4A4A;
			remoteInfo = TodoAppTCA;
		};
		C6E106212BE8A60C00BB4A4A /* PBXContainerItemProxy */ = {
			isa = PBXContainerItemProxy;
			containerPortal = C6E105FE2BE8A60A00BB4A4A /* Project object */;
			proxyType = 1;
			remoteGlobalIDString = C6E106052BE8A60A00BB4A4A;
			remoteInfo = TodoAppTCA;
		};
/* End PBXContainerItemProxy section */

/* Begin PBXFileReference section */
		C6E106062BE8A60A00BB4A4A /* TodoAppTCA.app */ = {isa = PBXFileReference; explicitFileType = wrapper.application; includeInIndex = 0; path = TodoAppTCA.app; sourceTree = BUILT_PRODUCTS_DIR; };
		C6E106092BE8A60A00BB4A4A /* TodoAppTCAApp.swift */ = {isa = PBXFileReference; lastKnownFileType = sourcecode.swift; path = TodoAppTCAApp.swift; sourceTree = "<group>"; };
		C6E1060B2BE8A60A00BB4A4A /* ContentView.swift */ = {isa = PBXFileReference; lastKnownFileType = sourcecode.swift; path = ContentView.swift; sourceTree = "<group>"; };
		C6E1060D2BE8A60B00BB4A4A /* Assets.xcassets */ = {isa = PBXFileReference; lastKnownFileType = folder.assetcatalog; path = Assets.xcassets; sourceTree = "<group>"; };
		C6E106102BE8A60B00BB4A4A /* Preview Assets.xcassets */ = {isa = PBXFileReference; lastKnownFileType = folder.assetcatalog; path = "Preview Assets.xcassets"; sourceTree = "<group>"; };
		C6E106162BE8A60C00BB4A4A /* TodoAppTCATests.xctest */ = {isa = PBXFileReference; explicitFileType = wrapper.cfbundle; includeInIndex = 0; path = TodoAppTCATests.xctest; sourceTree = BUILT_PRODUCTS_DIR; };
		C6E1061A2BE8A60C00BB4A4A /* TodoAppTCATests.swift */ = {isa = PBXFileReference; lastKnownFileType = sourcecode.swift; path = TodoAppTCATests.swift; sourceTree = "<group>"; };
		C6E106202BE8A60C00BB4A4A /* TodoAppTCAUITests.xctest */ = {isa = PBXFileReference; explicitFileType = wrapper.cfbundle; includeInIndex = 0; path = TodoAppTCAUITests.xctest; sourceTree = BUILT_PRODUCTS_DIR; };
		C6E106242BE8A60C00BB4A4A /* TodoAppTCAUITests.swift */ = {isa = PBXFileReference; lastKnownFileType = sourcecode.swift; path = TodoAppTCAUITests.swift; sourceTree = "<group>"; };
		C6E106262BE8A60C00BB4A4A /* TodoAppTCAUITestsLaunchTests.swift */ = {isa = PBXFileReference; lastKnownFileType = sourcecode.swift; path = TodoAppTCAUITestsLaunchTests.swift; sourceTree = "<group>"; };
/* End PBXFileReference section */

/* Begin PBXFrameworksBuildPhase section */
		C6E106032BE8A60A00BB4A4A /* Frameworks */ = {
			isa = PBXFrameworksBuildPhase;
			buildActionMask = 2147483647;
			files = (
			);
			runOnlyForDeploymentPostprocessing = 0;
		};
		C6E106132BE8A60C00BB4A4A /* Frameworks */ = {
			isa = PBXFrameworksBuildPhase;
			buildActionMask = 2147483647;
			files = (
			);
			runOnlyForDeploymentPostprocessing = 0;
		};
		C6E1061D2BE8A60C00BB4A4A /* Frameworks */ = {
			isa = PBXFrameworksBuildPhase;
			buildActionMask = 2147483647;
			files = (
			);
			runOnlyForDeploymentPostprocessing = 0;
		};
/* End PBXFrameworksBuildPhase section */

/* Begin PBXGroup section */
		C6E105FD2BE8A60A00BB4A4A = {
			isa = PBXGroup;
			children = (
				C6E106082BE8A60A00BB4A4A /* TodoAppTCA */,
				C6E106192BE8A60C00BB4A4A /* TodoAppTCATests */,
				C6E106232BE8A60C00BB4A4A /* TodoAppTCAUITests */,
				C6E106072BE8A60A00BB4A4A /* Products */,
			);
			sourceTree = "<group>";
		};
		C6E106072BE8A60A00BB4A4A /* Products */ = {
			isa = PBXGroup;
			children = (
				C6E106062BE8A60A00BB4A4A /* TodoAppTCA.app */,
				C6E106162BE8A60C00BB4A4A /* TodoAppTCATests.xctest */,
				C6E106202BE8A60C00BB4A4A /* TodoAppTCAUITests.xctest */,
			);
			name = Products;
			sourceTree = "<group>";
		};
		C6E106082BE8A60A00BB4A4A /* TodoAppTCA */ = {
			isa = PBXGroup;
			children = (
				C6E106092BE8A60A00BB4A4A /* TodoAppTCAApp.swift */,
				C6E1060B2BE8A60A00BB4A4A /* ContentView.swift */,
				C6E1060D2BE8A60B00BB4A4A /* Assets.xcassets */,
				C6E1060F2BE8A60B00BB4A4A /* Preview Content */,
			);
			path = TodoAppTCA;
			sourceTree = "<group>";
		};
		C6E1060F2BE8A60B00BB4A4A /* Preview Content */ = {
			isa = PBXGroup;
			children = (
				C6E106102BE8A60B00BB4A4A /* Preview Assets.xcassets */,
			);
			path = "Preview Content";
			sourceTree = "<group>";
		};
		C6E106192BE8A60C00BB4A4A /* TodoAppTCATests */ = {
			isa = PBXGroup;
			children = (
				C6E1061A2BE8A60C00BB4A4A /* TodoAppTCATests.swift */,
			);
			path = TodoAppTCATests;
			sourceTree = "<group>";
		};
		C6E106232BE8A60C00BB4A4A /* TodoAppTCAUITests */ = {
			isa = PBXGroup;
			children = (
				C6E106242BE8A60C00BB4A4A /* TodoAppTCAUITests.swift */,
				C6E106262BE8A60C00BB4A4A /* TodoAppTCAUITestsLaunchTests.swift */,
			);
			path = TodoAppTCAUITests;
			sourceTree = "<group>";
		};
/* End PBXGroup section */

/* Begin PBXNativeTarget section */
		C6E106052BE8A60A00BB4A4A /* TodoAppTCA */ = {
			isa = PBXNativeTarget;
			buildConfigurationList = C6E1062A2BE8A60C00BB4A4A /* Build configuration list for PBXNativeTarget "TodoAppTCA" */;
			buildPhases = (
				C6E106022BE8A60A00BB4A4A /* Sources */,
				C6E106032BE8A60A00BB4A4A /* Frameworks */,
				C6E106042BE8A60A00BB4A4A /* Resources */,
			);
			buildRules = (
			);
			dependencies = (
			);
			name = TodoAppTCA;
			productName = TodoAppTCA;
			productReference = C6E106062BE8A60A00BB4A4A /* TodoAppTCA.app */;
			productType = "com.apple.product-type.application";
		};
		C6E106152BE8A60C00BB4A4A /* TodoAppTCATests */ = {
			isa = PBXNativeTarget;
			buildConfigurationList = C6E1062D2BE8A60C00BB4A4A /* Build configuration list for PBXNativeTarget "TodoAppTCATests" */;
			buildPhases = (
				C6E106122BE8A60C00BB4A4A /* Sources */,
				C6E106132BE8A60C00BB4A4A /* Frameworks */,
				C6E106142BE8A60C00BB4A4A /* Resources */,
			);
			buildRules = (
			);
			dependencies = (
				C6E106182BE8A60C00BB4A4A /* PBXTargetDependency */,
			);
			name = TodoAppTCATests;
			productName = TodoAppTCATests;
			productReference = C6E106162BE8A60C00BB4A4A /* TodoAppTCATests.xctest */;
			productType = "com.apple.product-type.bundle.unit-test";
		};
		C6E1061F2BE8A60C00BB4A4A /* TodoAppTCAUITests */ = {
			isa = PBXNativeTarget;
			buildConfigurationList = C6E106302BE8A60C00BB4A4A /* Build configuration list for PBXNativeTarget "TodoAppTCAUITests" */;
			buildPhases = (
				C6E1061C2BE8A60C00BB4A4A /* Sources */,
				C6E1061D2BE8A60C00BB4A4A /* Frameworks */,
				C6E1061E2BE8A60C00BB4A4A /* Resources */,
			);
			buildRules = (
			);
			dependencies = (
				C6E106222BE8A60C00BB4A4A /* PBXTargetDependency */,
			);
			name = TodoAppTCAUITests;
			productName = TodoAppTCAUITests;
			productReference = C6E106202BE8A60C00BB4A4A /* TodoAppTCAUITests.xctest */;
			productType = "com.apple.product-type.bundle.ui-testing";
		};
/* End PBXNativeTarget section */

/* Begin PBXProject section */
		C6E105FE2BE8A60A00BB4A4A /* Project object */ = {
			isa = PBXProject;
			attributes = {
				BuildIndependentTargetsInParallel = 1;
				LastSwiftUpdateCheck = 1530;
				LastUpgradeCheck = 1530;
				TargetAttributes = {
					C6E106052BE8A60A00BB4A4A = {
						CreatedOnToolsVersion = 15.3;
					};
					C6E106152BE8A60C00BB4A4A = {
						CreatedOnToolsVersion = 15.3;
						TestTargetID = C6E106052BE8A60A00BB4A4A;
					};
					C6E1061F2BE8A60C00BB4A4A = {
						CreatedOnToolsVersion = 15.3;
						TestTargetID = C6E106052BE8A60A00BB4A4A;
					};
				};
			};
			buildConfigurationList = C6E106012BE8A60A00BB4A4A /* Build configuration list for PBXProject "TodoAppTCA" */;
			compatibilityVersion = "Xcode 14.0";
			developmentRegion = en;
			hasScannedForEncodings = 0;
			knownRegions = (
				en,
				Base,
			);
			mainGroup = C6E105FD2BE8A60A00BB4A4A;
			productRefGroup = C6E106072BE8A60A00BB4A4A /* Products */;
			projectDirPath = "";
			projectRoot = "";
			targets = (
				C6E106052BE8A60A00BB4A4A /* TodoAppTCA */,
				C6E106152BE8A60C00BB4A4A /* TodoAppTCATests */,
				C6E1061F2BE8A60C00BB4A4A /* TodoAppTCAUITests */,
			);
		};
/* End PBXProject section */

/* Begin PBXResourcesBuildPhase section */
		C6E106042BE8A60A00BB4A4A /* Resources */ = {
			isa = PBXResourcesBuildPhase;
			buildActionMask = 2147483647;
			files = (
				C6E106112BE8A60B00BB4A4A /* Preview Assets.xcassets in Resources */,
				C6E1060E2BE8A60B00BB4A4A /* Assets.xcassets in Resources */,
			);
			runOnlyForDeploymentPostprocessing = 0;
		};
		C6E106142BE8A60C00BB4A4A /* Resources */ = {
			isa = PBXResourcesBuildPhase;
			buildActionMask = 2147483647;
			files = (
			);
			runOnlyForDeploymentPostprocessing = 0;
		};
		C6E1061E2BE8A60C00BB4A4A /* Resources */ = {
			isa = PBXResourcesBuildPhase;
			buildActionMask = 2147483647;
			files = (
			);
			runOnlyForDeploymentPostprocessing = 0;
		};
/* End PBXResourcesBuildPhase section */

/* Begin PBXSourcesBuildPhase section */
		C6E106022BE8A60A00BB4A4A /* Sources */ = {
			isa = PBXSourcesBuildPhase;
			buildActionMask = 2147483647;
			files = (
				C6E1060C2BE8A60A00BB4A4A /* ContentView.swift in Sources */,
				C6E1060A2BE8A60A00BB4A4A /* TodoAppTCAApp.swift in Sources */,
			);
			runOnlyForDeploymentPostprocessing = 0;
		};
		C6E106122BE8A60C00BB4A4A /* Sources */ = {
			isa = PBXSourcesBuildPhase;
			buildActionMask = 2147483647;
			files = (
				C6E1061B2BE8A60C00BB4A4A /* TodoAppTCATests.swift in Sources */,
			);
			runOnlyForDeploymentPostprocessing = 0;
		};
		C6E1061C2BE8A60C00BB4A4A /* Sources */ = {
			isa = PBXSourcesBuildPhase;
			buildActionMask = 2147483647;
			files = (
				C6E106252BE8A60C00BB4A4A /* TodoAppTCAUITests.swift in Sources */,
				C6E106272BE8A60C00BB4A4A /* TodoAppTCAUITestsLaunchTests.swift in Sources */,
			);
			runOnlyForDeploymentPostprocessing = 0;
		};
/* End PBXSourcesBuildPhase section */

/* Begin PBXTargetDependency section */
		C6E106182BE8A60C00BB4A4A /* PBXTargetDependency */ = {
			isa = PBXTargetDependency;
			target = C6E106052BE8A60A00BB4A4A /* TodoAppTCA */;
			targetProxy = C6E106172BE8A60C00BB4A4A /* PBXContainerItemProxy */;
		};
		C6E106222BE8A60C00BB4A4A /* PBXTargetDependency */ = {
			isa = PBXTargetDependency;
			target = C6E106052BE8A60A00BB4A4A /* TodoAppTCA */;
			targetProxy = C6E106212BE8A60C00BB4A4A /* PBXContainerItemProxy */;
		};
/* End PBXTargetDependency section */

/* Begin XCBuildConfiguration section */
		C6E106282BE8A60C00BB4A4A /* Debug */ = {
			isa = XCBuildConfiguration;
			buildSettings = {
				ALWAYS_SEARCH_USER_PATHS = NO;
				ASSETCATALOG_COMPILER_GENERATE_SWIFT_ASSET_SYMBOL_EXTENSIONS = YES;
				CLANG_ANALYZER_NONNULL = YES;
				CLANG_ANALYZER_NUMBER_OBJECT_CONVERSION = YES_AGGRESSIVE;
				CLANG_CXX_LANGUAGE_STANDARD = "gnu++20";
				CLANG_ENABLE_MODULES = YES;
				CLANG_ENABLE_OBJC_ARC = YES;
				CLANG_ENABLE_OBJC_WEAK = YES;
				CLANG_WARN_BLOCK_CAPTURE_AUTORELEASING = YES;
				CLANG_WARN_BOOL_CONVERSION = YES;
				CLANG_WARN_COMMA = YES;
				CLANG_WARN_CONSTANT_CONVERSION = YES;
				CLANG_WARN_DEPRECATED_OBJC_IMPLEMENTATIONS = YES;
				CLANG_WARN_DIRECT_OBJC_ISA_USAGE = YES_ERROR;
				CLANG_WARN_DOCUMENTATION_COMMENTS = YES;
				CLANG_WARN_EMPTY_BODY = YES;
				CLANG_WARN_ENUM_CONVERSION = YES;
				CLANG_WARN_INFINITE_RECURSION = YES;
				CLANG_WARN_INT_CONVERSION = YES;
				CLANG_WARN_NON_LITERAL_NULL_CONVERSION = YES;
				CLANG_WARN_OBJC_IMPLICIT_RETAIN_SELF = YES;
				CLANG_WARN_OBJC_LITERAL_CONVERSION = YES;
				CLANG_WARN_OBJC_ROOT_CLASS = YES_ERROR;
				CLANG_WARN_QUOTED_INCLUDE_IN_FRAMEWORK_HEADER = YES;
				CLANG_WARN_RANGE_LOOP_ANALYSIS = YES;
				CLANG_WARN_STRICT_PROTOTYPES = YES;
				CLANG_WARN_SUSPICIOUS_MOVE = YES;
				CLANG_WARN_UNGUARDED_AVAILABILITY = YES_AGGRESSIVE;
				CLANG_WARN_UNREACHABLE_CODE = YES;
				CLANG_WARN__DUPLICATE_METHOD_MATCH = YES;
				COPY_PHASE_STRIP = NO;
				DEBUG_INFORMATION_FORMAT = dwarf;
				ENABLE_STRICT_OBJC_MSGSEND = YES;
				ENABLE_TESTABILITY = YES;
				ENABLE_USER_SCRIPT_SANDBOXING = YES;
				GCC_C_LANGUAGE_STANDARD = gnu17;
				GCC_DYNAMIC_NO_PIC = NO;
				GCC_NO_COMMON_BLOCKS = YES;
				GCC_OPTIMIZATION_LEVEL = 0;
				GCC_PREPROCESSOR_DEFINITIONS = (
					"DEBUG=1",
					"$(inherited)",
				);
				GCC_WARN_64_TO_32_BIT_CONVERSION = YES;
				GCC_WARN_ABOUT_RETURN_TYPE = YES_ERROR;
				GCC_WARN_UNDECLARED_SELECTOR = YES;
				GCC_WARN_UNINITIALIZED_AUTOS = YES_AGGRESSIVE;
				GCC_WARN_UNUSED_FUNCTION = YES;
				GCC_WARN_UNUSED_VARIABLE = YES;
				IPHONEOS_DEPLOYMENT_TARGET = 17.4;
				LOCALIZATION_PREFERS_STRING_CATALOGS = YES;
				MTL_ENABLE_DEBUG_INFO = INCLUDE_SOURCE;
				MTL_FAST_MATH = YES;
				ONLY_ACTIVE_ARCH = YES;
				SDKROOT = iphoneos;
				SWIFT_ACTIVE_COMPILATION_CONDITIONS = "DEBUG $(inherited)";
				SWIFT_OPTIMIZATION_LEVEL = "-Onone";
			};
			name = Debug;
		};
		C6E106292BE8A60C00BB4A4A /* Release */ = {
			isa = XCBuildConfiguration;
			buildSettings = {
				ALWAYS_SEARCH_USER_PATHS = NO;
				ASSETCATALOG_COMPILER_GENERATE_SWIFT_ASSET_SYMBOL_EXTENSIONS = YES;
				CLANG_ANALYZER_NONNULL = YES;
				CLANG_ANALYZER_NUMBER_OBJECT_CONVERSION = YES_AGGRESSIVE;
				CLANG_CXX_LANGUAGE_STANDARD = "gnu++20";
				CLANG_ENABLE_MODULES = YES;
				CLANG_ENABLE_OBJC_ARC = YES;
				CLANG_ENABLE_OBJC_WEAK = YES;
				CLANG_WARN_BLOCK_CAPTURE_AUTORELEASING = YES;
				CLANG_WARN_BOOL_CONVERSION = YES;
				CLANG_WARN_COMMA = YES;
				CLANG_WARN_CONSTANT_CONVERSION = YES;
				CLANG_WARN_DEPRECATED_OBJC_IMPLEMENTATIONS = YES;
				CLANG_WARN_DIRECT_OBJC_ISA_USAGE = YES_ERROR;
				CLANG_WARN_DOCUMENTATION_COMMENTS = YES;
				CLANG_WARN_EMPTY_BODY = YES;
				CLANG_WARN_ENUM_CONVERSION = YES;
				CLANG_WARN_INFINITE_RECURSION = YES;
				CLANG_WARN_INT_CONVERSION = YES;
				CLANG_WARN_NON_LITERAL_NULL_CONVERSION = YES;
				CLANG_WARN_OBJC_IMPLICIT_RETAIN_SELF = YES;
				CLANG_WARN_OBJC_LITERAL_CONVERSION = YES;
				CLANG_WARN_OBJC_ROOT_CLASS = YES_ERROR;
				CLANG_WARN_QUOTED_INCLUDE_IN_FRAMEWORK_HEADER = YES;
				CLANG_WARN_RANGE_LOOP_ANALYSIS = YES;
				CLANG_WARN_STRICT_PROTOTYPES = YES;
				CLANG_WARN_SUSPICIOUS_MOVE = YES;
				CLANG_WARN_UNGUARDED_AVAILABILITY = YES_AGGRESSIVE;
				CLANG_WARN_UNREACHABLE_CODE = YES;
				CLANG_WARN__DUPLICATE_METHOD_MATCH = YES;
				COPY_PHASE_STRIP = NO;
				DEBUG_INFORMATION_FORMAT = "dwarf-with-dsym";
				ENABLE_NS_ASSERTIONS = NO;
				ENABLE_STRICT_OBJC_MSGSEND = YES;
				ENABLE_USER_SCRIPT_SANDBOXING = YES;
				GCC_C_LANGUAGE_STANDARD = gnu17;
				GCC_NO_COMMON_BLOCKS = YES;
				GCC_WARN_64_TO_32_BIT_CONVERSION = YES;
				GCC_WARN_ABOUT_RETURN_TYPE = YES_ERROR;
				GCC_WARN_UNDECLARED_SELECTOR = YES;
				GCC_WARN_UNINITIALIZED_AUTOS = YES_AGGRESSIVE;
				GCC_WARN_UNUSED_FUNCTION = YES;
				GCC_WARN_UNUSED_VARIABLE = YES;
				IPHONEOS_DEPLOYMENT_TARGET = 17.4;
				LOCALIZATION_PREFERS_STRING_CATALOGS = YES;
				MTL_ENABLE_DEBUG_INFO = NO;
				MTL_FAST_MATH = YES;
				SDKROOT = iphoneos;
				SWIFT_COMPILATION_MODE = wholemodule;
				VALIDATE_PRODUCT = YES;
			};
			name = Release;
		};
		C6E1062B2BE8A60C00BB4A4A /* Debug */ = {
			isa = XCBuildConfiguration;
			buildSettings = {
				ASSETCATALOG_COMPILER_APPICON_NAME = AppIcon;
				ASSETCATALOG_COMPILER_GLOBAL_ACCENT_COLOR_NAME = AccentColor;
				CODE_SIGN_STYLE = Automatic;
				CURRENT_PROJECT_VERSION = 1;
				DEVELOPMENT_ASSET_PATHS = "\"TodoAppTCA/Preview Content\"";
				DEVELOPMENT_TEAM = CZRVK6G83J;
				ENABLE_PREVIEWS = YES;
				GENERATE_INFOPLIST_FILE = YES;
				INFOPLIST_KEY_UIApplicationSceneManifest_Generation = YES;
				INFOPLIST_KEY_UIApplicationSupportsIndirectInputEvents = YES;
				INFOPLIST_KEY_UILaunchScreen_Generation = YES;
				INFOPLIST_KEY_UISupportedInterfaceOrientations_iPad = "UIInterfaceOrientationPortrait UIInterfaceOrientationPortraitUpsideDown UIInterfaceOrientationLandscapeLeft UIInterfaceOrientationLandscapeRight";
				INFOPLIST_KEY_UISupportedInterfaceOrientations_iPhone = "UIInterfaceOrientationPortrait UIInterfaceOrientationLandscapeLeft UIInterfaceOrientationLandscapeRight";
				LD_RUNPATH_SEARCH_PATHS = (
					"$(inherited)",
					"@executable_path/Frameworks",
				);
				MARKETING_VERSION = 1.0;
				PRODUCT_BUNDLE_IDENTIFIER = zenn.tca.TodoAppTCA;
				PRODUCT_NAME = "$(TARGET_NAME)";
				SWIFT_EMIT_LOC_STRINGS = YES;
				SWIFT_VERSION = 5.0;
				TARGETED_DEVICE_FAMILY = "1,2";
			};
			name = Debug;
		};
		C6E1062C2BE8A60C00BB4A4A /* Release */ = {
			isa = XCBuildConfiguration;
			buildSettings = {
				ASSETCATALOG_COMPILER_APPICON_NAME = AppIcon;
				ASSETCATALOG_COMPILER_GLOBAL_ACCENT_COLOR_NAME = AccentColor;
				CODE_SIGN_STYLE = Automatic;
				CURRENT_PROJECT_VERSION = 1;
				DEVELOPMENT_ASSET_PATHS = "\"TodoAppTCA/Preview Content\"";
				DEVELOPMENT_TEAM = CZRVK6G83J;
				ENABLE_PREVIEWS = YES;
				GENERATE_INFOPLIST_FILE = YES;
				INFOPLIST_KEY_UIApplicationSceneManifest_Generation = YES;
				INFOPLIST_KEY_UIApplicationSupportsIndirectInputEvents = YES;
				INFOPLIST_KEY_UILaunchScreen_Generation = YES;
				INFOPLIST_KEY_UISupportedInterfaceOrientations_iPad = "UIInterfaceOrientationPortrait UIInterfaceOrientationPortraitUpsideDown UIInterfaceOrientationLandscapeLeft UIInterfaceOrientationLandscapeRight";
				INFOPLIST_KEY_UISupportedInterfaceOrientations_iPhone = "UIInterfaceOrientationPortrait UIInterfaceOrientationLandscapeLeft UIInterfaceOrientationLandscapeRight";
				LD_RUNPATH_SEARCH_PATHS = (
					"$(inherited)",
					"@executable_path/Frameworks",
				);
				MARKETING_VERSION = 1.0;
				PRODUCT_BUNDLE_IDENTIFIER = zenn.tca.TodoAppTCA;
				PRODUCT_NAME = "$(TARGET_NAME)";
				SWIFT_EMIT_LOC_STRINGS = YES;
				SWIFT_VERSION = 5.0;
				TARGETED_DEVICE_FAMILY = "1,2";
			};
			name = Release;
		};
		C6E1062E2BE8A60C00BB4A4A /* Debug */ = {
			isa = XCBuildConfiguration;
			buildSettings = {
				ALWAYS_EMBED_SWIFT_STANDARD_LIBRARIES = YES;
				BUNDLE_LOADER = "$(TEST_HOST)";
				CODE_SIGN_STYLE = Automatic;
				CURRENT_PROJECT_VERSION = 1;
				DEVELOPMENT_TEAM = CZRVK6G83J;
				GENERATE_INFOPLIST_FILE = YES;
				IPHONEOS_DEPLOYMENT_TARGET = 17.4;
				MARKETING_VERSION = 1.0;
				PRODUCT_BUNDLE_IDENTIFIER = zenn.tca.TodoAppTCATests;
				PRODUCT_NAME = "$(TARGET_NAME)";
				SWIFT_EMIT_LOC_STRINGS = NO;
				SWIFT_VERSION = 5.0;
				TARGETED_DEVICE_FAMILY = "1,2";
				TEST_HOST = "$(BUILT_PRODUCTS_DIR)/TodoAppTCA.app/$(BUNDLE_EXECUTABLE_FOLDER_PATH)/TodoAppTCA";
			};
			name = Debug;
		};
		C6E1062F2BE8A60C00BB4A4A /* Release */ = {
			isa = XCBuildConfiguration;
			buildSettings = {
				ALWAYS_EMBED_SWIFT_STANDARD_LIBRARIES = YES;
				BUNDLE_LOADER = "$(TEST_HOST)";
				CODE_SIGN_STYLE = Automatic;
				CURRENT_PROJECT_VERSION = 1;
				DEVELOPMENT_TEAM = CZRVK6G83J;
				GENERATE_INFOPLIST_FILE = YES;
				IPHONEOS_DEPLOYMENT_TARGET = 17.4;
				MARKETING_VERSION = 1.0;
				PRODUCT_BUNDLE_IDENTIFIER = zenn.tca.TodoAppTCATests;
				PRODUCT_NAME = "$(TARGET_NAME)";
				SWIFT_EMIT_LOC_STRINGS = NO;
				SWIFT_VERSION = 5.0;
				TARGETED_DEVICE_FAMILY = "1,2";
				TEST_HOST = "$(BUILT_PRODUCTS_DIR)/TodoAppTCA.app/$(BUNDLE_EXECUTABLE_FOLDER_PATH)/TodoAppTCA";
			};
			name = Release;
		};
		C6E106312BE8A60C00BB4A4A /* Debug */ = {
			isa = XCBuildConfiguration;
			buildSettings = {
				ALWAYS_EMBED_SWIFT_STANDARD_LIBRARIES = YES;
				CODE_SIGN_STYLE = Automatic;
				CURRENT_PROJECT_VERSION = 1;
				DEVELOPMENT_TEAM = CZRVK6G83J;
				GENERATE_INFOPLIST_FILE = YES;
				MARKETING_VERSION = 1.0;
				PRODUCT_BUNDLE_IDENTIFIER = zenn.tca.TodoAppTCAUITests;
				PRODUCT_NAME = "$(TARGET_NAME)";
				SWIFT_EMIT_LOC_STRINGS = NO;
				SWIFT_VERSION = 5.0;
				TARGETED_DEVICE_FAMILY = "1,2";
				TEST_TARGET_NAME = TodoAppTCA;
			};
			name = Debug;
		};
		C6E106322BE8A60C00BB4A4A /* Release */ = {
			isa = XCBuildConfiguration;
			buildSettings = {
				ALWAYS_EMBED_SWIFT_STANDARD_LIBRARIES = YES;
				CODE_SIGN_STYLE = Automatic;
				CURRENT_PROJECT_VERSION = 1;
				DEVELOPMENT_TEAM = CZRVK6G83J;
				GENERATE_INFOPLIST_FILE = YES;
				MARKETING_VERSION = 1.0;
				PRODUCT_BUNDLE_IDENTIFIER = zenn.tca.TodoAppTCAUITests;
				PRODUCT_NAME = "$(TARGET_NAME)";
				SWIFT_EMIT_LOC_STRINGS = NO;
				SWIFT_VERSION = 5.0;
				TARGETED_DEVICE_FAMILY = "1,2";
				TEST_TARGET_NAME = TodoAppTCA;
			};
			name = Release;
		};
/* End XCBuildConfiguration section */

/* Begin XCConfigurationList section */
		C6E106012BE8A60A00BB4A4A /* Build configuration list for PBXProject "TodoAppTCA" */ = {
			isa = XCConfigurationList;
			buildConfigurations = (
				C6E106282BE8A60C00BB4A4A /* Debug */,
				C6E106292BE8A60C00BB4A4A /* Release */,
			);
			defaultConfigurationIsVisible = 0;
			defaultConfigurationName = Release;
		};
		C6E1062A2BE8A60C00BB4A4A /* Build configuration list for PBXNativeTarget "TodoAppTCA" */ = {
			isa = XCConfigurationList;
			buildConfigurations = (
				C6E1062B2BE8A60C00BB4A4A /* Debug */,
				C6E1062C2BE8A60C00BB4A4A /* Release */,
			);
			defaultConfigurationIsVisible = 0;
			defaultConfigurationName = Release;
		};
		C6E1062D2BE8A60C00BB4A4A /* Build configuration list for PBXNativeTarget "TodoAppTCATests" */ = {
			isa = XCConfigurationList;
			buildConfigurations = (
				C6E1062E2BE8A60C00BB4A4A /* Debug */,
				C6E1062F2BE8A60C00BB4A4A /* Release */,
			);
			defaultConfigurationIsVisible = 0;
			defaultConfigurationName = Release;
		};
		C6E106302BE8A60C00BB4A4A /* Build configuration list for PBXNativeTarget "TodoAppTCAUITests" */ = {
			isa = XCConfigurationList;
			buildConfigurations = (
				C6E106312BE8A60C00BB4A4A /* Debug */,
				C6E106322BE8A60C00BB4A4A /* Release */,
			);
			defaultConfigurationIsVisible = 0;
			defaultConfigurationName = Release;
		};
/* End XCConfigurationList section */
	};
	rootObject = C6E105FE2BE8A60A00BB4A4A /* Project object */;
}
